
Microsoft Visual Studio Solution File, Format Version 12.00
Project("{FAE04EC0-301F-11D3-BF4B-00C04F79EFBC}") = "ReactiveCommand.SourceGenerator", "ReactiveCommand.SourceGenerator\ReactiveCommand.SourceGenerator.csproj", "{1074C193-3A80-4C84-B581-5B65D976089E}"
EndProject
Global
	GlobalSection(SolutionConfigurationPlatforms) = preSolution
		Debug|Any CPU = Debug|Any CPU
		Release|Any CPU = Release|Any CPU
	EndGlobalSection
	GlobalSection(ProjectConfigurationPlatforms) = postSolution
		{1074C193-3A80-4C84-B581-5B65D976089E}.Debug|Any CPU.ActiveCfg = Debug|Any CPU
		{1074C193-3A80-4C84-B581-5B65D976089E}.Debug|Any CPU.Build.0 = Debug|Any CPU
		{1074C193-3A80-4C84-B581-5B65D976089E}.Release|Any CPU.ActiveCfg = Release|Any CPU
		{1074C193-3A80-4C84-B581-5B65D976089E}.Release|Any CPU.Build.0 = Release|Any CPU
	EndGlobalSection
EndGlobal
